
Microsoft Visual Studio Solution File, Format Version 12.00
# Visual Studio Version 17
VisualStudioVersion = 17.7.34221.43
MinimumVisualStudioVersion = 10.0.40219.1
Project("{FAE04EC0-301F-11D3-BF4B-00C04F79EFBC}") = "Kaizen.Core", "Kaizen.Core\Kaizen.Core.csproj", "{7C2C0336-6DBC-4FA8-B59E-EA2F4714C259}"
EndProject
Project("{FAE04EC0-301F-11D3-BF4B-00C04F79EFBC}") = "Kaizen.MainWeb", "Kaizen.MainWeb\Kaizen.MainWeb.csproj", "{F4CC575B-1E86-484C-8EFA-7B5C93030CCB}"
EndProject
Global
	GlobalSection(SolutionConfigurationPlatforms) = preSolution
		Debug|Any CPU = Debug|Any CPU
		Release|Any CPU = Release|Any CPU
	EndGlobalSection
	GlobalSection(ProjectConfigurationPlatforms) = postSolution
		{7C2C0336-6DBC-4FA8-B59E-EA2F4714C259}.Debug|Any CPU.ActiveCfg = Debug|Any CPU
		{7C2C0336-6DBC-4FA8-B59E-EA2F4714C259}.Debug|Any CPU.Build.0 = Debug|Any CPU
		{7C2C0336-6DBC-4FA8-B59E-EA2F4714C259}.Release|Any CPU.ActiveCfg = Release|Any CPU
		{7C2C0336-6DBC-4FA8-B59E-EA2F4714C259}.Release|Any CPU.Build.0 = Release|Any CPU
		{F4CC575B-1E86-484C-8EFA-7B5C93030CCB}.Debug|Any CPU.ActiveCfg = Debug|Any CPU
		{F4CC575B-1E86-484C-8EFA-7B5C93030CCB}.Debug|Any CPU.Build.0 = Debug|Any CPU
		{F4CC575B-1E86-484C-8EFA-7B5C93030CCB}.Release|Any CPU.ActiveCfg = Release|Any CPU
		{F4CC575B-1E86-484C-8EFA-7B5C93030CCB}.Release|Any CPU.Build.0 = Release|Any CPU
	EndGlobalSection
	GlobalSection(SolutionProperties) = preSolution
		HideSolutionNode = FALSE
	EndGlobalSection
	GlobalSection(ExtensibilityGlobals) = postSolution
		SolutionGuid = {B154A170-8653-4306-AD16-474677579D64}
	EndGlobalSection
EndGlobal
